// !$*UTF8*$!
{
	archiveVersion = 1;
	classes = {
	};
	objectVersion = 77;
	objects = {

/* Begin PBXBuildFile section */
		9B515FDD2D2EFFF50078A8DA /* Videos in Frameworks */ = {isa = PBXBuildFile; productRef = 9B515FDC2D2EFFF50078A8DA /* Videos */; };
		9B7F4D6A2D2F0EB70098135A /* CommonLibrary in Frameworks */ = {isa = PBXBuildFile; productRef = 9B7F4D692D2F0EB70098135A /* CommonLibrary */; };
/* End PBXBuildFile section */

/* Begin PBXContainerItemProxy section */
		9B02493E2D2EFC1D00C17A67 /* PBXContainerItemProxy */ = {
			isa = PBXContainerItemProxy;
			containerPortal = 9B0249212D2EFC1B00C17A67 /* Project object */;
			proxyType = 1;
			remoteGlobalIDString = 9B0249282D2EFC1B00C17A67;
			remoteInfo = MacMagazine;
		};
		9B0249482D2EFC1D00C17A67 /* PBXContainerItemProxy */ = {
			isa = PBXContainerItemProxy;
			containerPortal = 9B0249212D2EFC1B00C17A67 /* Project object */;
			proxyType = 1;
			remoteGlobalIDString = 9B0249282D2EFC1B00C17A67;
			remoteInfo = MacMagazine;
		};
/* End PBXContainerItemProxy section */

/* Begin PBXFileReference section */
		9B0249292D2EFC1B00C17A67 /* MacMagazine.app */ = {isa = PBXFileReference; explicitFileType = wrapper.application; includeInIndex = 0; path = MacMagazine.app; sourceTree = BUILT_PRODUCTS_DIR; };
		9B02493D2D2EFC1D00C17A67 /* MacMagazineTests.xctest */ = {isa = PBXFileReference; explicitFileType = wrapper.cfbundle; includeInIndex = 0; path = MacMagazineTests.xctest; sourceTree = BUILT_PRODUCTS_DIR; };
		9B0249472D2EFC1D00C17A67 /* MacMagazineUITests.xctest */ = {isa = PBXFileReference; explicitFileType = wrapper.cfbundle; includeInIndex = 0; path = MacMagazineUITests.xctest; sourceTree = BUILT_PRODUCTS_DIR; };
/* End PBXFileReference section */

/* Begin PBXFileSystemSynchronizedBuildFileExceptionSet section */
		9B02494F2D2EFC1D00C17A67 /* Exceptions for "MacMagazine" folder in "MacMagazine" target */ = {
			isa = PBXFileSystemSynchronizedBuildFileExceptionSet;
			membershipExceptions = (
				Info.plist,
			);
			target = 9B0249282D2EFC1B00C17A67 /* MacMagazine */;
		};
/* End PBXFileSystemSynchronizedBuildFileExceptionSet section */

/* Begin PBXFileSystemSynchronizedRootGroup section */
		9B02492B2D2EFC1B00C17A67 /* MacMagazine */ = {
			isa = PBXFileSystemSynchronizedRootGroup;
			exceptions = (
				9B02494F2D2EFC1D00C17A67 /* Exceptions for "MacMagazine" folder in "MacMagazine" target */,
			);
			path = MacMagazine;
			sourceTree = "<group>";
		};
		9B0249402D2EFC1D00C17A67 /* MacMagazineTests */ = {
			isa = PBXFileSystemSynchronizedRootGroup;
			path = MacMagazineTests;
			sourceTree = "<group>";
		};
		9B02494A2D2EFC1D00C17A67 /* MacMagazineUITests */ = {
			isa = PBXFileSystemSynchronizedRootGroup;
			path = MacMagazineUITests;
			sourceTree = "<group>";
		};
		9B02495B2D2EFDFD00C17A67 /* Features */ = {
			isa = PBXFileSystemSynchronizedRootGroup;
			path = Features;
			sourceTree = "<group>";
		};
/* End PBXFileSystemSynchronizedRootGroup section */

/* Begin PBXFrameworksBuildPhase section */
		9B0249262D2EFC1B00C17A67 /* Frameworks */ = {
			isa = PBXFrameworksBuildPhase;
			buildActionMask = 2147483647;
			files = (
				9B515FDD2D2EFFF50078A8DA /* Videos in Frameworks */,
				9B7F4D6A2D2F0EB70098135A /* CommonLibrary in Frameworks */,
			);
			runOnlyForDeploymentPostprocessing = 0;
		};
		9B02493A2D2EFC1D00C17A67 /* Frameworks */ = {
			isa = PBXFrameworksBuildPhase;
			buildActionMask = 2147483647;
			files = (
			);
			runOnlyForDeploymentPostprocessing = 0;
		};
		9B0249442D2EFC1D00C17A67 /* Frameworks */ = {
			isa = PBXFrameworksBuildPhase;
			buildActionMask = 2147483647;
			files = (
			);
			runOnlyForDeploymentPostprocessing = 0;
		};
/* End PBXFrameworksBuildPhase section */

/* Begin PBXGroup section */
		9B0249202D2EFC1B00C17A67 = {
			isa = PBXGroup;
			children = (
				9B02495B2D2EFDFD00C17A67 /* Features */,
				9B02492B2D2EFC1B00C17A67 /* MacMagazine */,
				9B0249402D2EFC1D00C17A67 /* MacMagazineTests */,
				9B02494A2D2EFC1D00C17A67 /* MacMagazineUITests */,
				9B515FDB2D2EFFF50078A8DA /* Frameworks */,
				9B02492A2D2EFC1B00C17A67 /* Products */,
			);
			sourceTree = "<group>";
		};
		9B02492A2D2EFC1B00C17A67 /* Products */ = {
			isa = PBXGroup;
			children = (
				9B0249292D2EFC1B00C17A67 /* MacMagazine.app */,
				9B02493D2D2EFC1D00C17A67 /* MacMagazineTests.xctest */,
				9B0249472D2EFC1D00C17A67 /* MacMagazineUITests.xctest */,
			);
			name = Products;
			sourceTree = "<group>";
		};
		9B515FDB2D2EFFF50078A8DA /* Frameworks */ = {
			isa = PBXGroup;
			children = (
			);
			name = Frameworks;
			sourceTree = "<group>";
		};
/* End PBXGroup section */

/* Begin PBXNativeTarget section */
		9B0249282D2EFC1B00C17A67 /* MacMagazine */ = {
			isa = PBXNativeTarget;
			buildConfigurationList = 9B0249502D2EFC1D00C17A67 /* Build configuration list for PBXNativeTarget "MacMagazine" */;
			buildPhases = (
				9B0249252D2EFC1B00C17A67 /* Sources */,
				9B0249262D2EFC1B00C17A67 /* Frameworks */,
				9B0249272D2EFC1B00C17A67 /* Resources */,
			);
			buildRules = (
			);
			dependencies = (
			);
			fileSystemSynchronizedGroups = (
				9B02492B2D2EFC1B00C17A67 /* MacMagazine */,
				9B02495B2D2EFDFD00C17A67 /* Features */,
			);
			name = MacMagazine;
			packageProductDependencies = (
				9B515FDC2D2EFFF50078A8DA /* Videos */,
				9B7F4D692D2F0EB70098135A /* CommonLibrary */,
			);
			productName = MacMagazine;
			productReference = 9B0249292D2EFC1B00C17A67 /* MacMagazine.app */;
			productType = "com.apple.product-type.application";
		};
		9B02493C2D2EFC1D00C17A67 /* MacMagazineTests */ = {
			isa = PBXNativeTarget;
			buildConfigurationList = 9B0249552D2EFC1D00C17A67 /* Build configuration list for PBXNativeTarget "MacMagazineTests" */;
			buildPhases = (
				9B0249392D2EFC1D00C17A67 /* Sources */,
				9B02493A2D2EFC1D00C17A67 /* Frameworks */,
				9B02493B2D2EFC1D00C17A67 /* Resources */,
			);
			buildRules = (
			);
			dependencies = (
				9B02493F2D2EFC1D00C17A67 /* PBXTargetDependency */,
			);
			fileSystemSynchronizedGroups = (
				9B0249402D2EFC1D00C17A67 /* MacMagazineTests */,
			);
			name = MacMagazineTests;
			packageProductDependencies = (
			);
			productName = MacMagazineTests;
			productReference = 9B02493D2D2EFC1D00C17A67 /* MacMagazineTests.xctest */;
			productType = "com.apple.product-type.bundle.unit-test";
		};
		9B0249462D2EFC1D00C17A67 /* MacMagazineUITests */ = {
			isa = PBXNativeTarget;
			buildConfigurationList = 9B0249582D2EFC1D00C17A67 /* Build configuration list for PBXNativeTarget "MacMagazineUITests" */;
			buildPhases = (
				9B0249432D2EFC1D00C17A67 /* Sources */,
				9B0249442D2EFC1D00C17A67 /* Frameworks */,
				9B0249452D2EFC1D00C17A67 /* Resources */,
			);
			buildRules = (
			);
			dependencies = (
				9B0249492D2EFC1D00C17A67 /* PBXTargetDependency */,
			);
			fileSystemSynchronizedGroups = (
				9B02494A2D2EFC1D00C17A67 /* MacMagazineUITests */,
			);
			name = MacMagazineUITests;
			packageProductDependencies = (
			);
			productName = MacMagazineUITests;
			productReference = 9B0249472D2EFC1D00C17A67 /* MacMagazineUITests.xctest */;
			productType = "com.apple.product-type.bundle.ui-testing";
		};
/* End PBXNativeTarget section */

/* Begin PBXProject section */
		9B0249212D2EFC1B00C17A67 /* Project object */ = {
			isa = PBXProject;
			attributes = {
				BuildIndependentTargetsInParallel = 1;
				LastSwiftUpdateCheck = 1620;
				LastUpgradeCheck = 1620;
				TargetAttributes = {
					9B0249282D2EFC1B00C17A67 = {
						CreatedOnToolsVersion = 16.2;
					};
					9B02493C2D2EFC1D00C17A67 = {
						CreatedOnToolsVersion = 16.2;
						TestTargetID = 9B0249282D2EFC1B00C17A67;
					};
					9B0249462D2EFC1D00C17A67 = {
						CreatedOnToolsVersion = 16.2;
						TestTargetID = 9B0249282D2EFC1B00C17A67;
					};
				};
			};
			buildConfigurationList = 9B0249242D2EFC1B00C17A67 /* Build configuration list for PBXProject "MacMagazine" */;
			developmentRegion = en;
			hasScannedForEncodings = 0;
			knownRegions = (
				en,
				Base,
			);
			mainGroup = 9B0249202D2EFC1B00C17A67;
			minimizedProjectReferenceProxies = 1;
			preferredProjectObjectVersion = 77;
			productRefGroup = 9B02492A2D2EFC1B00C17A67 /* Products */;
			projectDirPath = "";
			projectRoot = "";
			targets = (
				9B0249282D2EFC1B00C17A67 /* MacMagazine */,
				9B02493C2D2EFC1D00C17A67 /* MacMagazineTests */,
				9B0249462D2EFC1D00C17A67 /* MacMagazineUITests */,
			);
		};
/* End PBXProject section */

/* Begin PBXResourcesBuildPhase section */
		9B0249272D2EFC1B00C17A67 /* Resources */ = {
			isa = PBXResourcesBuildPhase;
			buildActionMask = 2147483647;
			files = (
			);
			runOnlyForDeploymentPostprocessing = 0;
		};
		9B02493B2D2EFC1D00C17A67 /* Resources */ = {
			isa = PBXResourcesBuildPhase;
			buildActionMask = 2147483647;
			files = (
			);
			runOnlyForDeploymentPostprocessing = 0;
		};
		9B0249452D2EFC1D00C17A67 /* Resources */ = {
			isa = PBXResourcesBuildPhase;
			buildActionMask = 2147483647;
			files = (
			);
			runOnlyForDeploymentPostprocessing = 0;
		};
/* End PBXResourcesBuildPhase section */

/* Begin PBXSourcesBuildPhase section */
		9B0249252D2EFC1B00C17A67 /* Sources */ = {
			isa = PBXSourcesBuildPhase;
			buildActionMask = 2147483647;
			files = (
			);
			runOnlyForDeploymentPostprocessing = 0;
		};
		9B0249392D2EFC1D00C17A67 /* Sources */ = {
			isa = PBXSourcesBuildPhase;
			buildActionMask = 2147483647;
			files = (
			);
			runOnlyForDeploymentPostprocessing = 0;
		};
		9B0249432D2EFC1D00C17A67 /* Sources */ = {
			isa = PBXSourcesBuildPhase;
			buildActionMask = 2147483647;
			files = (
			);
			runOnlyForDeploymentPostprocessing = 0;
		};
/* End PBXSourcesBuildPhase section */

/* Begin PBXTargetDependency section */
		9B02493F2D2EFC1D00C17A67 /* PBXTargetDependency */ = {
			isa = PBXTargetDependency;
			target = 9B0249282D2EFC1B00C17A67 /* MacMagazine */;
			targetProxy = 9B02493E2D2EFC1D00C17A67 /* PBXContainerItemProxy */;
		};
		9B0249492D2EFC1D00C17A67 /* PBXTargetDependency */ = {
			isa = PBXTargetDependency;
			target = 9B0249282D2EFC1B00C17A67 /* MacMagazine */;
			targetProxy = 9B0249482D2EFC1D00C17A67 /* PBXContainerItemProxy */;
		};
/* End PBXTargetDependency section */

/* Begin XCBuildConfiguration section */
		9B0249512D2EFC1D00C17A67 /* Debug */ = {
			isa = XCBuildConfiguration;
			buildSettings = {
				ASSETCATALOG_COMPILER_APPICON_NAME = AppIcon;
				ASSETCATALOG_COMPILER_GLOBAL_ACCENT_COLOR_NAME = AccentColor;
				CODE_SIGN_ENTITLEMENTS = MacMagazine/MacMagazine.entitlements;
				CODE_SIGN_IDENTITY = "Apple Development";
				CODE_SIGN_STYLE = Automatic;
				CURRENT_PROJECT_VERSION = 0;
				DEVELOPMENT_ASSET_PATHS = "\"MacMagazine/Preview Content\"";
				DEVELOPMENT_TEAM = A5VW9QUF9L;
				ENABLE_HARDENED_RUNTIME = YES;
				ENABLE_PREVIEWS = YES;
				GENERATE_INFOPLIST_FILE = YES;
				INFOPLIST_FILE = MacMagazine/Info.plist;
				INFOPLIST_KEY_LSApplicationCategoryType = "public.app-category.news";
				"INFOPLIST_KEY_UIApplicationSceneManifest_Generation[sdk=iphoneos*]" = YES;
				"INFOPLIST_KEY_UIApplicationSceneManifest_Generation[sdk=iphonesimulator*]" = YES;
				"INFOPLIST_KEY_UIApplicationSupportsIndirectInputEvents[sdk=iphoneos*]" = YES;
				"INFOPLIST_KEY_UIApplicationSupportsIndirectInputEvents[sdk=iphonesimulator*]" = YES;
				"INFOPLIST_KEY_UILaunchScreen_Generation[sdk=iphoneos*]" = YES;
				"INFOPLIST_KEY_UILaunchScreen_Generation[sdk=iphonesimulator*]" = YES;
				"INFOPLIST_KEY_UIStatusBarStyle[sdk=iphoneos*]" = UIStatusBarStyleDefault;
				"INFOPLIST_KEY_UIStatusBarStyle[sdk=iphonesimulator*]" = UIStatusBarStyleDefault;
				INFOPLIST_KEY_UISupportedInterfaceOrientations_iPad = "UIInterfaceOrientationPortrait UIInterfaceOrientationPortraitUpsideDown UIInterfaceOrientationLandscapeLeft UIInterfaceOrientationLandscapeRight";
				INFOPLIST_KEY_UISupportedInterfaceOrientations_iPhone = "UIInterfaceOrientationPortrait UIInterfaceOrientationLandscapeLeft UIInterfaceOrientationLandscapeRight";
				IPHONEOS_DEPLOYMENT_TARGET = 17.6;
				LD_RUNPATH_SEARCH_PATHS = "@executable_path/Frameworks";
				"LD_RUNPATH_SEARCH_PATHS[sdk=macosx*]" = "@executable_path/../Frameworks";
				MACOSX_DEPLOYMENT_TARGET = 14.0;
				MARKETING_VERSION = 5.0;
				PRODUCT_BUNDLE_IDENTIFIER = com.brit.macmagazine;
				PRODUCT_NAME = "$(TARGET_NAME)";
				PROVISIONING_PROFILE_SPECIFIER = "";
				SDKROOT = auto;
				SUPPORTED_PLATFORMS = "iphoneos iphonesimulator";
				SUPPORTS_MACCATALYST = NO;
				SWIFT_EMIT_LOC_STRINGS = YES;
				SWIFT_VERSION = 5.0;
				TARGETED_DEVICE_FAMILY = "1,2";
				XROS_DEPLOYMENT_TARGET = 2.2;
			};
			name = Debug;
		};
		9B0249522D2EFC1D00C17A67 /* Release */ = {
			isa = XCBuildConfiguration;
			buildSettings = {
				ASSETCATALOG_COMPILER_APPICON_NAME = AppIcon;
				ASSETCATALOG_COMPILER_GLOBAL_ACCENT_COLOR_NAME = AccentColor;
				CODE_SIGN_ENTITLEMENTS = MacMagazine/MacMagazine.entitlements;
				CODE_SIGN_IDENTITY = "Apple Development";
				CODE_SIGN_STYLE = Automatic;
				CURRENT_PROJECT_VERSION = 0;
				DEVELOPMENT_ASSET_PATHS = "\"MacMagazine/Preview Content\"";
				DEVELOPMENT_TEAM = A5VW9QUF9L;
				ENABLE_HARDENED_RUNTIME = YES;
				ENABLE_PREVIEWS = YES;
				GENERATE_INFOPLIST_FILE = YES;
				INFOPLIST_FILE = MacMagazine/Info.plist;
				INFOPLIST_KEY_LSApplicationCategoryType = "public.app-category.news";
				"INFOPLIST_KEY_UIApplicationSceneManifest_Generation[sdk=iphoneos*]" = YES;
				"INFOPLIST_KEY_UIApplicationSceneManifest_Generation[sdk=iphonesimulator*]" = YES;
				"INFOPLIST_KEY_UIApplicationSupportsIndirectInputEvents[sdk=iphoneos*]" = YES;
				"INFOPLIST_KEY_UIApplicationSupportsIndirectInputEvents[sdk=iphonesimulator*]" = YES;
				"INFOPLIST_KEY_UILaunchScreen_Generation[sdk=iphoneos*]" = YES;
				"INFOPLIST_KEY_UILaunchScreen_Generation[sdk=iphonesimulator*]" = YES;
				"INFOPLIST_KEY_UIStatusBarStyle[sdk=iphoneos*]" = UIStatusBarStyleDefault;
				"INFOPLIST_KEY_UIStatusBarStyle[sdk=iphonesimulator*]" = UIStatusBarStyleDefault;
				INFOPLIST_KEY_UISupportedInterfaceOrientations_iPad = "UIInterfaceOrientationPortrait UIInterfaceOrientationPortraitUpsideDown UIInterfaceOrientationLandscapeLeft UIInterfaceOrientationLandscapeRight";
				INFOPLIST_KEY_UISupportedInterfaceOrientations_iPhone = "UIInterfaceOrientationPortrait UIInterfaceOrientationLandscapeLeft UIInterfaceOrientationLandscapeRight";
				IPHONEOS_DEPLOYMENT_TARGET = 17.6;
				LD_RUNPATH_SEARCH_PATHS = "@executable_path/Frameworks";
				"LD_RUNPATH_SEARCH_PATHS[sdk=macosx*]" = "@executable_path/../Frameworks";
				MACOSX_DEPLOYMENT_TARGET = 14.0;
				MARKETING_VERSION = 5.0;
				PRODUCT_BUNDLE_IDENTIFIER = com.brit.macmagazine;
				PRODUCT_NAME = "$(TARGET_NAME)";
				PROVISIONING_PROFILE_SPECIFIER = "";
				SDKROOT = auto;
				SUPPORTED_PLATFORMS = "iphoneos iphonesimulator";
				SUPPORTS_MACCATALYST = NO;
				SWIFT_EMIT_LOC_STRINGS = YES;
				SWIFT_VERSION = 5.0;
				TARGETED_DEVICE_FAMILY = "1,2";
				XROS_DEPLOYMENT_TARGET = 2.2;
			};
			name = Release;
		};
		9B0249532D2EFC1D00C17A67 /* Debug */ = {
			isa = XCBuildConfiguration;
			buildSettings = {
				ALWAYS_SEARCH_USER_PATHS = NO;
				ASSETCATALOG_COMPILER_GENERATE_SWIFT_ASSET_SYMBOL_EXTENSIONS = YES;
				CLANG_ANALYZER_NONNULL = YES;
				CLANG_ANALYZER_NUMBER_OBJECT_CONVERSION = YES_AGGRESSIVE;
				CLANG_CXX_LANGUAGE_STANDARD = "gnu++20";
				CLANG_ENABLE_MODULES = YES;
				CLANG_ENABLE_OBJC_ARC = YES;
				CLANG_ENABLE_OBJC_WEAK = YES;
				CLANG_WARN_BLOCK_CAPTURE_AUTORELEASING = YES;
				CLANG_WARN_BOOL_CONVERSION = YES;
				CLANG_WARN_COMMA = YES;
				CLANG_WARN_CONSTANT_CONVERSION = YES;
				CLANG_WARN_DEPRECATED_OBJC_IMPLEMENTATIONS = YES;
				CLANG_WARN_DIRECT_OBJC_ISA_USAGE = YES_ERROR;
				CLANG_WARN_DOCUMENTATION_COMMENTS = YES;
				CLANG_WARN_EMPTY_BODY = YES;
				CLANG_WARN_ENUM_CONVERSION = YES;
				CLANG_WARN_INFINITE_RECURSION = YES;
				CLANG_WARN_INT_CONVERSION = YES;
				CLANG_WARN_NON_LITERAL_NULL_CONVERSION = YES;
				CLANG_WARN_OBJC_IMPLICIT_RETAIN_SELF = YES;
				CLANG_WARN_OBJC_LITERAL_CONVERSION = YES;
				CLANG_WARN_OBJC_ROOT_CLASS = YES_ERROR;
				CLANG_WARN_QUOTED_INCLUDE_IN_FRAMEWORK_HEADER = YES;
				CLANG_WARN_RANGE_LOOP_ANALYSIS = YES;
				CLANG_WARN_STRICT_PROTOTYPES = YES;
				CLANG_WARN_SUSPICIOUS_MOVE = YES;
				CLANG_WARN_UNGUARDED_AVAILABILITY = YES_AGGRESSIVE;
				CLANG_WARN_UNREACHABLE_CODE = YES;
				CLANG_WARN__DUPLICATE_METHOD_MATCH = YES;
				COPY_PHASE_STRIP = NO;
				DEBUG_INFORMATION_FORMAT = dwarf;
				ENABLE_STRICT_OBJC_MSGSEND = YES;
				ENABLE_TESTABILITY = YES;
				ENABLE_USER_SCRIPT_SANDBOXING = YES;
				GCC_C_LANGUAGE_STANDARD = gnu17;
				GCC_DYNAMIC_NO_PIC = NO;
				GCC_NO_COMMON_BLOCKS = YES;
				GCC_OPTIMIZATION_LEVEL = 0;
				GCC_PREPROCESSOR_DEFINITIONS = (
					"DEBUG=1",
					"$(inherited)",
				);
				GCC_WARN_64_TO_32_BIT_CONVERSION = YES;
				GCC_WARN_ABOUT_RETURN_TYPE = YES_ERROR;
				GCC_WARN_UNDECLARED_SELECTOR = YES;
				GCC_WARN_UNINITIALIZED_AUTOS = YES_AGGRESSIVE;
				GCC_WARN_UNUSED_FUNCTION = YES;
				GCC_WARN_UNUSED_VARIABLE = YES;
				LOCALIZATION_PREFERS_STRING_CATALOGS = YES;
				MTL_ENABLE_DEBUG_INFO = INCLUDE_SOURCE;
				MTL_FAST_MATH = YES;
				ONLY_ACTIVE_ARCH = YES;
				SWIFT_ACTIVE_COMPILATION_CONDITIONS = "DEBUG $(inherited)";
				SWIFT_OPTIMIZATION_LEVEL = "-Onone";
			};
			name = Debug;
		};
		9B0249542D2EFC1D00C17A67 /* Release */ = {
			isa = XCBuildConfiguration;
			buildSettings = {
				ALWAYS_SEARCH_USER_PATHS = NO;
				ASSETCATALOG_COMPILER_GENERATE_SWIFT_ASSET_SYMBOL_EXTENSIONS = YES;
				CLANG_ANALYZER_NONNULL = YES;
				CLANG_ANALYZER_NUMBER_OBJECT_CONVERSION = YES_AGGRESSIVE;
				CLANG_CXX_LANGUAGE_STANDARD = "gnu++20";
				CLANG_ENABLE_MODULES = YES;
				CLANG_ENABLE_OBJC_ARC = YES;
				CLANG_ENABLE_OBJC_WEAK = YES;
				CLANG_WARN_BLOCK_CAPTURE_AUTORELEASING = YES;
				CLANG_WARN_BOOL_CONVERSION = YES;
				CLANG_WARN_COMMA = YES;
				CLANG_WARN_CONSTANT_CONVERSION = YES;
				CLANG_WARN_DEPRECATED_OBJC_IMPLEMENTATIONS = YES;
				CLANG_WARN_DIRECT_OBJC_ISA_USAGE = YES_ERROR;
				CLANG_WARN_DOCUMENTATION_COMMENTS = YES;
				CLANG_WARN_EMPTY_BODY = YES;
				CLANG_WARN_ENUM_CONVERSION = YES;
				CLANG_WARN_INFINITE_RECURSION = YES;
				CLANG_WARN_INT_CONVERSION = YES;
				CLANG_WARN_NON_LITERAL_NULL_CONVERSION = YES;
				CLANG_WARN_OBJC_IMPLICIT_RETAIN_SELF = YES;
				CLANG_WARN_OBJC_LITERAL_CONVERSION = YES;
				CLANG_WARN_OBJC_ROOT_CLASS = YES_ERROR;
				CLANG_WARN_QUOTED_INCLUDE_IN_FRAMEWORK_HEADER = YES;
				CLANG_WARN_RANGE_LOOP_ANALYSIS = YES;
				CLANG_WARN_STRICT_PROTOTYPES = YES;
				CLANG_WARN_SUSPICIOUS_MOVE = YES;
				CLANG_WARN_UNGUARDED_AVAILABILITY = YES_AGGRESSIVE;
				CLANG_WARN_UNREACHABLE_CODE = YES;
				CLANG_WARN__DUPLICATE_METHOD_MATCH = YES;
				COPY_PHASE_STRIP = NO;
				DEBUG_INFORMATION_FORMAT = "dwarf-with-dsym";
				ENABLE_NS_ASSERTIONS = NO;
				ENABLE_STRICT_OBJC_MSGSEND = YES;
				ENABLE_USER_SCRIPT_SANDBOXING = YES;
				GCC_C_LANGUAGE_STANDARD = gnu17;
				GCC_NO_COMMON_BLOCKS = YES;
				GCC_WARN_64_TO_32_BIT_CONVERSION = YES;
				GCC_WARN_ABOUT_RETURN_TYPE = YES_ERROR;
				GCC_WARN_UNDECLARED_SELECTOR = YES;
				GCC_WARN_UNINITIALIZED_AUTOS = YES_AGGRESSIVE;
				GCC_WARN_UNUSED_FUNCTION = YES;
				GCC_WARN_UNUSED_VARIABLE = YES;
				LOCALIZATION_PREFERS_STRING_CATALOGS = YES;
				MTL_ENABLE_DEBUG_INFO = NO;
				MTL_FAST_MATH = YES;
				SWIFT_COMPILATION_MODE = wholemodule;
			};
			name = Release;
		};
		9B0249562D2EFC1D00C17A67 /* Debug */ = {
			isa = XCBuildConfiguration;
			buildSettings = {
				BUNDLE_LOADER = "$(TEST_HOST)";
				CODE_SIGN_STYLE = Automatic;
				CURRENT_PROJECT_VERSION = 1;
				DEVELOPMENT_TEAM = A5VW9QUF9L;
				GENERATE_INFOPLIST_FILE = YES;
				IPHONEOS_DEPLOYMENT_TARGET = 18.2;
				MACOSX_DEPLOYMENT_TARGET = 15.2;
				MARKETING_VERSION = 1.0;
				PRODUCT_BUNDLE_IDENTIFIER = com.brit.MacMagazineTests;
				PRODUCT_NAME = "$(TARGET_NAME)";
				SDKROOT = auto;
				SUPPORTED_PLATFORMS = "iphoneos iphonesimulator";
				SUPPORTS_MACCATALYST = NO;
				SWIFT_EMIT_LOC_STRINGS = NO;
				SWIFT_VERSION = 5.0;
				TARGETED_DEVICE_FAMILY = "1,2";
				TEST_HOST = "$(BUILT_PRODUCTS_DIR)/MacMagazine.app/$(BUNDLE_EXECUTABLE_FOLDER_PATH)/MacMagazine";
				XROS_DEPLOYMENT_TARGET = 2.2;
			};
			name = Debug;
		};
		9B0249572D2EFC1D00C17A67 /* Release */ = {
			isa = XCBuildConfiguration;
			buildSettings = {
				BUNDLE_LOADER = "$(TEST_HOST)";
				CODE_SIGN_STYLE = Automatic;
				CURRENT_PROJECT_VERSION = 1;
				DEVELOPMENT_TEAM = A5VW9QUF9L;
				GENERATE_INFOPLIST_FILE = YES;
				IPHONEOS_DEPLOYMENT_TARGET = 18.2;
				MACOSX_DEPLOYMENT_TARGET = 15.2;
				MARKETING_VERSION = 1.0;
				PRODUCT_BUNDLE_IDENTIFIER = com.brit.MacMagazineTests;
				PRODUCT_NAME = "$(TARGET_NAME)";
				SDKROOT = auto;
				SUPPORTED_PLATFORMS = "iphoneos iphonesimulator";
				SUPPORTS_MACCATALYST = NO;
				SWIFT_EMIT_LOC_STRINGS = NO;
				SWIFT_VERSION = 5.0;
				TARGETED_DEVICE_FAMILY = "1,2";
				TEST_HOST = "$(BUILT_PRODUCTS_DIR)/MacMagazine.app/$(BUNDLE_EXECUTABLE_FOLDER_PATH)/MacMagazine";
				XROS_DEPLOYMENT_TARGET = 2.2;
			};
			name = Release;
		};
		9B0249592D2EFC1D00C17A67 /* Debug */ = {
			isa = XCBuildConfiguration;
			buildSettings = {
				CODE_SIGN_STYLE = Automatic;
				CURRENT_PROJECT_VERSION = 1;
				DEVELOPMENT_TEAM = A5VW9QUF9L;
				GENERATE_INFOPLIST_FILE = YES;
				IPHONEOS_DEPLOYMENT_TARGET = 18.2;
				MACOSX_DEPLOYMENT_TARGET = 15.2;
				MARKETING_VERSION = 1.0;
				PRODUCT_BUNDLE_IDENTIFIER = com.brit.MacMagazineUITests;
				PRODUCT_NAME = "$(TARGET_NAME)";
				SDKROOT = auto;
				SUPPORTED_PLATFORMS = "iphoneos iphonesimulator";
				SUPPORTS_MACCATALYST = NO;
				SWIFT_EMIT_LOC_STRINGS = NO;
				SWIFT_VERSION = 5.0;
				TARGETED_DEVICE_FAMILY = "1,2";
				TEST_TARGET_NAME = MacMagazine;
				XROS_DEPLOYMENT_TARGET = 2.2;
			};
			name = Debug;
		};
		9B02495A2D2EFC1D00C17A67 /* Release */ = {
			isa = XCBuildConfiguration;
			buildSettings = {
				CODE_SIGN_STYLE = Automatic;
				CURRENT_PROJECT_VERSION = 1;
				DEVELOPMENT_TEAM = A5VW9QUF9L;
				GENERATE_INFOPLIST_FILE = YES;
				IPHONEOS_DEPLOYMENT_TARGET = 18.2;
				MACOSX_DEPLOYMENT_TARGET = 15.2;
				MARKETING_VERSION = 1.0;
				PRODUCT_BUNDLE_IDENTIFIER = com.brit.MacMagazineUITests;
				PRODUCT_NAME = "$(TARGET_NAME)";
				SDKROOT = auto;
				SUPPORTED_PLATFORMS = "iphoneos iphonesimulator";
				SUPPORTS_MACCATALYST = NO;
				SWIFT_EMIT_LOC_STRINGS = NO;
				SWIFT_VERSION = 5.0;
				TARGETED_DEVICE_FAMILY = "1,2";
				TEST_TARGET_NAME = MacMagazine;
				XROS_DEPLOYMENT_TARGET = 2.2;
			};
			name = Release;
		};
/* End XCBuildConfiguration section */

/* Begin XCConfigurationList section */
		9B0249242D2EFC1B00C17A67 /* Build configuration list for PBXProject "MacMagazine" */ = {
			isa = XCConfigurationList;
			buildConfigurations = (
				9B0249532D2EFC1D00C17A67 /* Debug */,
				9B0249542D2EFC1D00C17A67 /* Release */,
			);
			defaultConfigurationIsVisible = 0;
			defaultConfigurationName = Release;
		};
		9B0249502D2EFC1D00C17A67 /* Build configuration list for PBXNativeTarget "MacMagazine" */ = {
			isa = XCConfigurationList;
			buildConfigurations = (
				9B0249512D2EFC1D00C17A67 /* Debug */,
				9B0249522D2EFC1D00C17A67 /* Release */,
			);
			defaultConfigurationIsVisible = 0;
			defaultConfigurationName = Release;
		};
		9B0249552D2EFC1D00C17A67 /* Build configuration list for PBXNativeTarget "MacMagazineTests" */ = {
			isa = XCConfigurationList;
			buildConfigurations = (
				9B0249562D2EFC1D00C17A67 /* Debug */,
				9B0249572D2EFC1D00C17A67 /* Release */,
			);
			defaultConfigurationIsVisible = 0;
			defaultConfigurationName = Release;
		};
		9B0249582D2EFC1D00C17A67 /* Build configuration list for PBXNativeTarget "MacMagazineUITests" */ = {
			isa = XCConfigurationList;
			buildConfigurations = (
				9B0249592D2EFC1D00C17A67 /* Debug */,
				9B02495A2D2EFC1D00C17A67 /* Release */,
			);
			defaultConfigurationIsVisible = 0;
			defaultConfigurationName = Release;
		};
/* End XCConfigurationList section */

/* Begin XCSwiftPackageProductDependency section */
		9B515FDC2D2EFFF50078A8DA /* Videos */ = {
			isa = XCSwiftPackageProductDependency;
			productName = Videos;
		};
		9B7F4D692D2F0EB70098135A /* CommonLibrary */ = {
			isa = XCSwiftPackageProductDependency;
			productName = CommonLibrary;
		};
/* End XCSwiftPackageProductDependency section */
	};
	rootObject = 9B0249212D2EFC1B00C17A67 /* Project object */;
}
