{
  "originHash" : "255298906b5e0fe45154cee505684b0a368e9c7ddaac83f76ceb11094cd38ea6",
  "pins" : [
    {
      "identity" : "kingfisher",
      "kind" : "remoteSourceControl",
      "location" : "https://github.com/onevcat/Kingfisher.git",
      "state" : {
        "revision" : "c0940e241945e6378c01fbd45fd3815579d47ef5",
        "version" : "8.1.0"
      }
    },
    {
      "identity" : "onesignal-xcframework",
      "kind" : "remoteSourceControl",
      "location" : "https://github.com/OneSignal/OneSignal-XCFramework",
      "state" : {
        "revision" : "d2c658b43a3caa996927c679ea17e7f4f439b8ad",
        "version" : "5.2.6"
      }
    }
  ],
  "version" : 3
}
