{
  "originHash" : "255298906b5e0fe45154cee505684b0a368e9c7ddaac83f76ceb11094cd38ea6",
  "pins" : [
    {
      "identity" : "kingfisher",
      "kind" : "remoteSourceControl",
      "location" : "https://github.com/onevcat/Kingfisher.git",
      "state" : {
        "revision" : "e6749919f9761d573d37a7d7e78b1b854c191d7f",
        "version" : "8.1.3"
      }
    },
    {
      "identity" : "onesignal-xcframework",
      "kind" : "remoteSourceControl",
      "location" : "https://github.com/OneSignal/OneSignal-XCFramework",
      "state" : {
        "revision" : "3bc37b379581442be7d6337d01f5c7e5d6a4cdde",
        "version" : "5.2.9"
      }
    }
  ],
  "version" : 3
}
